
Microsoft Visual Studio Solution File, Format Version 12.00
# Visual Studio Version 17
VisualStudioVersion = 17.12.35514.174 d17.12
MinimumVisualStudioVersion = 10.0.40219.1
Project("{FAE04EC0-301F-11D3-BF4B-00C04F79EFBC}") = "CarCatalog", "CarCatalog\CarCatalog.csproj", "{BC70FAFE-A3AE-45C0-A252-63A1A2C85589}"
EndProject
Project("{FAE04EC0-301F-11D3-BF4B-00C04F79EFBC}") = "CarService", "CarService\CarService.csproj", "{F90C6FC1-437A-4A7E-8489-9A75C9C5546B}"
EndProject
Global
	GlobalSection(SolutionConfigurationPlatforms) = preSolution
		Debug|Any CPU = Debug|Any CPU
		Release|Any CPU = Release|Any CPU
	EndGlobalSection
	GlobalSection(ProjectConfigurationPlatforms) = postSolution
		{BC70FAFE-A3AE-45C0-A252-63A1A2C85589}.Debug|Any CPU.ActiveCfg = Debug|Any CPU
		{BC70FAFE-A3AE-45C0-A252-63A1A2C85589}.Debug|Any CPU.Build.0 = Debug|Any CPU
		{BC70FAFE-A3AE-45C0-A252-63A1A2C85589}.Release|Any CPU.ActiveCfg = Release|Any CPU
		{BC70FAFE-A3AE-45C0-A252-63A1A2C85589}.Release|Any CPU.Build.0 = Release|Any CPU
		{F90C6FC1-437A-4A7E-8489-9A75C9C5546B}.Debug|Any CPU.ActiveCfg = Debug|Any CPU
		{F90C6FC1-437A-4A7E-8489-9A75C9C5546B}.Debug|Any CPU.Build.0 = Debug|Any CPU
		{F90C6FC1-437A-4A7E-8489-9A75C9C5546B}.Release|Any CPU.ActiveCfg = Release|Any CPU
		{F90C6FC1-437A-4A7E-8489-9A75C9C5546B}.Release|Any CPU.Build.0 = Release|Any CPU
	EndGlobalSection
	GlobalSection(SolutionProperties) = preSolution
		HideSolutionNode = FALSE
	EndGlobalSection
EndGlobal
